
Microsoft Visual Studio Solution File, Format Version 12.00
# Visual Studio 15
VisualStudioVersion = 15.0.28010.2026
MinimumVisualStudioVersion = 10.0.40219.1
Project("{9A19103F-16F7-4668-BE54-9A1E7A4F7556}") = "CheetahShoes", "CheetahShoes\CheetahShoes.csproj", "{E9E8CCD9-4AB3-429F-AE6D-9691A50134C6}"
EndProject
Project("{9A19103F-16F7-4668-BE54-9A1E7A4F7556}") = "CheetahShoes.Core", "CheetahShoes.Core\CheetahShoes.Core.csproj", "{FA2DF428-E794-47D0-9E65-5020C83C0810}"
EndProject
Project("{2150E333-8FDC-42A3-9474-1A3956D46DE8}") = "Core", "Core", "{E91D7840-422C-4BC9-836B-B4C0288E2E30}"
EndProject
Project("{9A19103F-16F7-4668-BE54-9A1E7A4F7556}") = "CheetahShoes.Core.Entities", "CheetahShoes.Core.Entities\CheetahShoes.Core.Entities.csproj", "{B9B62B8A-2CB6-499D-A5DD-3CE3D51A38AE}"
EndProject
Project("{2150E333-8FDC-42A3-9474-1A3956D46DE8}") = "Infrastructure", "Infrastructure", "{214C2470-C56E-4227-8291-A9E683A425E1}"
EndProject
Project("{9A19103F-16F7-4668-BE54-9A1E7A4F7556}") = "CheetahShoes.Data", "CheetahShoes.Data\CheetahShoes.Data.csproj", "{4E2CE9C0-71C9-4201-8780-BCCCE78FE3A1}"
EndProject
Project("{2150E333-8FDC-42A3-9474-1A3956D46DE8}") = "UI", "UI", "{69B0CFDD-A96A-458C-8AFA-2E559F32C72E}"
EndProject
Project("{9A19103F-16F7-4668-BE54-9A1E7A4F7556}") = "CheetahShoes.RestAPI", "CheetahShoes.RestAPI\CheetahShoes.RestAPI.csproj", "{C75C81B5-691E-43A0-A487-89745DC98103}"
EndProject
Global
	GlobalSection(SolutionConfigurationPlatforms) = preSolution
		Debug|Any CPU = Debug|Any CPU
		Release|Any CPU = Release|Any CPU
	EndGlobalSection
	GlobalSection(ProjectConfigurationPlatforms) = postSolution
		{E9E8CCD9-4AB3-429F-AE6D-9691A50134C6}.Debug|Any CPU.ActiveCfg = Debug|Any CPU
		{E9E8CCD9-4AB3-429F-AE6D-9691A50134C6}.Debug|Any CPU.Build.0 = Debug|Any CPU
		{E9E8CCD9-4AB3-429F-AE6D-9691A50134C6}.Release|Any CPU.ActiveCfg = Release|Any CPU
		{E9E8CCD9-4AB3-429F-AE6D-9691A50134C6}.Release|Any CPU.Build.0 = Release|Any CPU
		{FA2DF428-E794-47D0-9E65-5020C83C0810}.Debug|Any CPU.ActiveCfg = Debug|Any CPU
		{FA2DF428-E794-47D0-9E65-5020C83C0810}.Debug|Any CPU.Build.0 = Debug|Any CPU
		{FA2DF428-E794-47D0-9E65-5020C83C0810}.Release|Any CPU.ActiveCfg = Release|Any CPU
		{FA2DF428-E794-47D0-9E65-5020C83C0810}.Release|Any CPU.Build.0 = Release|Any CPU
		{B9B62B8A-2CB6-499D-A5DD-3CE3D51A38AE}.Debug|Any CPU.ActiveCfg = Debug|Any CPU
		{B9B62B8A-2CB6-499D-A5DD-3CE3D51A38AE}.Debug|Any CPU.Build.0 = Debug|Any CPU
		{B9B62B8A-2CB6-499D-A5DD-3CE3D51A38AE}.Release|Any CPU.ActiveCfg = Release|Any CPU
		{B9B62B8A-2CB6-499D-A5DD-3CE3D51A38AE}.Release|Any CPU.Build.0 = Release|Any CPU
		{4E2CE9C0-71C9-4201-8780-BCCCE78FE3A1}.Debug|Any CPU.ActiveCfg = Debug|Any CPU
		{4E2CE9C0-71C9-4201-8780-BCCCE78FE3A1}.Debug|Any CPU.Build.0 = Debug|Any CPU
		{4E2CE9C0-71C9-4201-8780-BCCCE78FE3A1}.Release|Any CPU.ActiveCfg = Release|Any CPU
		{4E2CE9C0-71C9-4201-8780-BCCCE78FE3A1}.Release|Any CPU.Build.0 = Release|Any CPU
		{C75C81B5-691E-43A0-A487-89745DC98103}.Debug|Any CPU.ActiveCfg = Debug|Any CPU
		{C75C81B5-691E-43A0-A487-89745DC98103}.Debug|Any CPU.Build.0 = Debug|Any CPU
		{C75C81B5-691E-43A0-A487-89745DC98103}.Release|Any CPU.ActiveCfg = Release|Any CPU
		{C75C81B5-691E-43A0-A487-89745DC98103}.Release|Any CPU.Build.0 = Release|Any CPU
	EndGlobalSection
	GlobalSection(SolutionProperties) = preSolution
		HideSolutionNode = FALSE
	EndGlobalSection
	GlobalSection(NestedProjects) = preSolution
		{FA2DF428-E794-47D0-9E65-5020C83C0810} = {E91D7840-422C-4BC9-836B-B4C0288E2E30}
		{4E2CE9C0-71C9-4201-8780-BCCCE78FE3A1} = {214C2470-C56E-4227-8291-A9E683A425E1}
		{C75C81B5-691E-43A0-A487-89745DC98103} = {69B0CFDD-A96A-458C-8AFA-2E559F32C72E}
	EndGlobalSection
	GlobalSection(ExtensibilityGlobals) = postSolution
		SolutionGuid = {1AFC1852-334F-4AB1-A69E-2F56599B9FBE}
	EndGlobalSection
EndGlobal
